
Microsoft Visual Studio Solution File, Format Version 12.00
# Visual Studio Version 17
VisualStudioVersion = 17.5.33516.290
MinimumVisualStudioVersion = 10.0.40219.1
Project("{FAE04EC0-301F-11D3-BF4B-00C04F79EFBC}") = "ConsoleApp8", "ConsoleApp8\ConsoleApp8.csproj", "{7D8B2CD8-64D1-455F-ACBB-952A1FA484FF}"
EndProject
Global
	GlobalSection(SolutionConfigurationPlatforms) = preSolution
		Debug|Any CPU = Debug|Any CPU
		Release|Any CPU = Release|Any CPU
	EndGlobalSection
	GlobalSection(ProjectConfigurationPlatforms) = postSolution
		{7D8B2CD8-64D1-455F-ACBB-952A1FA484FF}.Debug|Any CPU.ActiveCfg = Debug|Any CPU
		{7D8B2CD8-64D1-455F-ACBB-952A1FA484FF}.Debug|Any CPU.Build.0 = Debug|Any CPU
		{7D8B2CD8-64D1-455F-ACBB-952A1FA484FF}.Release|Any CPU.ActiveCfg = Release|Any CPU
		{7D8B2CD8-64D1-455F-ACBB-952A1FA484FF}.Release|Any CPU.Build.0 = Release|Any CPU
	EndGlobalSection
	GlobalSection(SolutionProperties) = preSolution
		HideSolutionNode = FALSE
	EndGlobalSection
	GlobalSection(ExtensibilityGlobals) = postSolution
		SolutionGuid = {3EE125C2-5C67-4AC8-A66D-9821F1FEF573}
	EndGlobalSection
EndGlobal
